
Microsoft Visual Studio Solution File, Format Version 12.00
# Visual Studio Version 17
VisualStudioVersion = 17.0.32112.339
MinimumVisualStudioVersion = 10.0.40219.1
Project("{2150E333-8FDC-42A3-9474-1A3956D46DE8}") = "Core", "Core", "{0BD276B5-7C75-4A24-AC7B-01C670AE9FAA}"
EndProject
Project("{2150E333-8FDC-42A3-9474-1A3956D46DE8}") = "Microservices", "Microservices", "{216BE06C-2C98-47FE-B345-7A3A97EB04C2}"
EndProject
Project("{2150E333-8FDC-42A3-9474-1A3956D46DE8}") = "Presentation", "Presentation", "{F197CFB2-B4D2-4960-823D-205E945DFA9D}"
EndProject
Project("{2150E333-8FDC-42A3-9474-1A3956D46DE8}") = "Shared", "Shared", "{A2DB433B-AA7F-4C8F-9BCB-C8926DEB9716}"
EndProject
Project("{9A19103F-16F7-4668-BE54-9A1E7A4F7556}") = "Common.Domain.Core", "Shared\Common\Common.Domain.Core\Common.Domain.Core.csproj", "{C582ADCF-BDDC-43CC-84E0-E3B02FD20145}"
EndProject
Project("{2150E333-8FDC-42A3-9474-1A3956D46DE8}") = "FlagService", "FlagService", "{8A2F0FF1-2A92-40EF-93D9-27627C2218ED}"
EndProject
Project("{9A19103F-16F7-4668-BE54-9A1E7A4F7556}") = "FlagSense.FlagService.Domain", "FlagSense.FlagService.Domain\FlagSense.FlagService.Domain.csproj", "{D0012595-A333-49BA-8DB6-02F87AAB38F4}"
EndProject
Project("{2150E333-8FDC-42A3-9474-1A3956D46DE8}") = "Tests", "Tests", "{79E174D8-C018-4075-A142-E9CA60FC2436}"
EndProject
Project("{9A19103F-16F7-4668-BE54-9A1E7A4F7556}") = "FlagSense.FlagService.UnitTests", "FlagSense.FlagService.UnitTests\FlagSense.FlagService.UnitTests.csproj", "{3F997AD1-2881-42B3-AA15-E3784CEC3B2B}"
EndProject
Project("{9A19103F-16F7-4668-BE54-9A1E7A4F7556}") = "FlagSense.FlagService.Application", "FlagSense.FlagService.Application\FlagSense.FlagService.Application.csproj", "{22175D16-C35D-4A9C-9BA5-BE261DF6A94E}"
EndProject
Project("{9A19103F-16F7-4668-BE54-9A1E7A4F7556}") = "FlagSense.FlagService.Api", "FlagSense.FlagService.Api\FlagSense.FlagService.Api.csproj", "{3A2C9F24-65F3-40C0-A11F-8F4FA32690B1}"
EndProject
Project("{9A19103F-16F7-4668-BE54-9A1E7A4F7556}") = "FlagSense.FlagService.Core", "FlagSense.FlagService.Core\FlagSense.FlagService.Core.csproj", "{52D51FF0-1648-4391-8FCA-4A9278C40F33}"
EndProject
Project("{9A19103F-16F7-4668-BE54-9A1E7A4F7556}") = "Common.Infra.MQ", "..\common\Common.Infra.MQ\Common.Infra.MQ.csproj", "{8FEDAF54-6F63-42DE-B041-BF0FD6BE792A}"
EndProject
Project("{9A19103F-16F7-4668-BE54-9A1E7A4F7556}") = "Common.Infra.RDBMS", "..\common\Common.Infra.RDBMS\Common.Infra.RDBMS.csproj", "{C5267629-97D6-417B-8B2A-69DB7FC9BD13}"
EndProject
Global
	GlobalSection(SolutionConfigurationPlatforms) = preSolution
		Debug|Any CPU = Debug|Any CPU
		Release|Any CPU = Release|Any CPU
	EndGlobalSection
	GlobalSection(ProjectConfigurationPlatforms) = postSolution
		{C582ADCF-BDDC-43CC-84E0-E3B02FD20145}.Debug|Any CPU.ActiveCfg = Debug|Any CPU
		{C582ADCF-BDDC-43CC-84E0-E3B02FD20145}.Debug|Any CPU.Build.0 = Debug|Any CPU
		{C582ADCF-BDDC-43CC-84E0-E3B02FD20145}.Release|Any CPU.ActiveCfg = Release|Any CPU
		{C582ADCF-BDDC-43CC-84E0-E3B02FD20145}.Release|Any CPU.Build.0 = Release|Any CPU
		{D0012595-A333-49BA-8DB6-02F87AAB38F4}.Debug|Any CPU.ActiveCfg = Debug|Any CPU
		{D0012595-A333-49BA-8DB6-02F87AAB38F4}.Debug|Any CPU.Build.0 = Debug|Any CPU
		{D0012595-A333-49BA-8DB6-02F87AAB38F4}.Release|Any CPU.ActiveCfg = Release|Any CPU
		{D0012595-A333-49BA-8DB6-02F87AAB38F4}.Release|Any CPU.Build.0 = Release|Any CPU
		{3F997AD1-2881-42B3-AA15-E3784CEC3B2B}.Debug|Any CPU.ActiveCfg = Debug|Any CPU
		{3F997AD1-2881-42B3-AA15-E3784CEC3B2B}.Debug|Any CPU.Build.0 = Debug|Any CPU
		{3F997AD1-2881-42B3-AA15-E3784CEC3B2B}.Release|Any CPU.ActiveCfg = Release|Any CPU
		{3F997AD1-2881-42B3-AA15-E3784CEC3B2B}.Release|Any CPU.Build.0 = Release|Any CPU
		{22175D16-C35D-4A9C-9BA5-BE261DF6A94E}.Debug|Any CPU.ActiveCfg = Debug|Any CPU
		{22175D16-C35D-4A9C-9BA5-BE261DF6A94E}.Debug|Any CPU.Build.0 = Debug|Any CPU
		{22175D16-C35D-4A9C-9BA5-BE261DF6A94E}.Release|Any CPU.ActiveCfg = Release|Any CPU
		{22175D16-C35D-4A9C-9BA5-BE261DF6A94E}.Release|Any CPU.Build.0 = Release|Any CPU
		{3A2C9F24-65F3-40C0-A11F-8F4FA32690B1}.Debug|Any CPU.ActiveCfg = Debug|Any CPU
		{3A2C9F24-65F3-40C0-A11F-8F4FA32690B1}.Debug|Any CPU.Build.0 = Debug|Any CPU
		{3A2C9F24-65F3-40C0-A11F-8F4FA32690B1}.Release|Any CPU.ActiveCfg = Release|Any CPU
		{3A2C9F24-65F3-40C0-A11F-8F4FA32690B1}.Release|Any CPU.Build.0 = Release|Any CPU
		{52D51FF0-1648-4391-8FCA-4A9278C40F33}.Debug|Any CPU.ActiveCfg = Debug|Any CPU
		{52D51FF0-1648-4391-8FCA-4A9278C40F33}.Debug|Any CPU.Build.0 = Debug|Any CPU
		{52D51FF0-1648-4391-8FCA-4A9278C40F33}.Release|Any CPU.ActiveCfg = Release|Any CPU
		{52D51FF0-1648-4391-8FCA-4A9278C40F33}.Release|Any CPU.Build.0 = Release|Any CPU
		{8FEDAF54-6F63-42DE-B041-BF0FD6BE792A}.Debug|Any CPU.ActiveCfg = Debug|Any CPU
		{8FEDAF54-6F63-42DE-B041-BF0FD6BE792A}.Debug|Any CPU.Build.0 = Debug|Any CPU
		{8FEDAF54-6F63-42DE-B041-BF0FD6BE792A}.Release|Any CPU.ActiveCfg = Release|Any CPU
		{8FEDAF54-6F63-42DE-B041-BF0FD6BE792A}.Release|Any CPU.Build.0 = Release|Any CPU
		{C5267629-97D6-417B-8B2A-69DB7FC9BD13}.Debug|Any CPU.ActiveCfg = Debug|Any CPU
		{C5267629-97D6-417B-8B2A-69DB7FC9BD13}.Debug|Any CPU.Build.0 = Debug|Any CPU
		{C5267629-97D6-417B-8B2A-69DB7FC9BD13}.Release|Any CPU.ActiveCfg = Release|Any CPU
		{C5267629-97D6-417B-8B2A-69DB7FC9BD13}.Release|Any CPU.Build.0 = Release|Any CPU
	EndGlobalSection
	GlobalSection(SolutionProperties) = preSolution
		HideSolutionNode = FALSE
	EndGlobalSection
	GlobalSection(NestedProjects) = preSolution
		{C582ADCF-BDDC-43CC-84E0-E3B02FD20145} = {A2DB433B-AA7F-4C8F-9BCB-C8926DEB9716}
		{8A2F0FF1-2A92-40EF-93D9-27627C2218ED} = {216BE06C-2C98-47FE-B345-7A3A97EB04C2}
		{D0012595-A333-49BA-8DB6-02F87AAB38F4} = {8A2F0FF1-2A92-40EF-93D9-27627C2218ED}
		{79E174D8-C018-4075-A142-E9CA60FC2436} = {8A2F0FF1-2A92-40EF-93D9-27627C2218ED}
		{3F997AD1-2881-42B3-AA15-E3784CEC3B2B} = {79E174D8-C018-4075-A142-E9CA60FC2436}
		{22175D16-C35D-4A9C-9BA5-BE261DF6A94E} = {8A2F0FF1-2A92-40EF-93D9-27627C2218ED}
		{3A2C9F24-65F3-40C0-A11F-8F4FA32690B1} = {8A2F0FF1-2A92-40EF-93D9-27627C2218ED}
		{52D51FF0-1648-4391-8FCA-4A9278C40F33} = {8A2F0FF1-2A92-40EF-93D9-27627C2218ED}
		{8FEDAF54-6F63-42DE-B041-BF0FD6BE792A} = {A2DB433B-AA7F-4C8F-9BCB-C8926DEB9716}
		{C5267629-97D6-417B-8B2A-69DB7FC9BD13} = {A2DB433B-AA7F-4C8F-9BCB-C8926DEB9716}
	EndGlobalSection
	GlobalSection(ExtensibilityGlobals) = postSolution
		SolutionGuid = {F491E607-578F-460E-9038-372FBD4A44D0}
	EndGlobalSection
EndGlobal
