
Microsoft Visual Studio Solution File, Format Version 12.00
# Visual Studio Version 17
VisualStudioVersion = 17.0.32112.339
MinimumVisualStudioVersion = 10.0.40219.1
Project("{2150E333-8FDC-42A3-9474-1A3956D46DE8}") = "Tests", "Tests", "{22DEBC21-CEEF-4E81-B919-557139A58488}"
EndProject
Project("{2150E333-8FDC-42A3-9474-1A3956D46DE8}") = "Shared", "Shared", "{F1ADE28B-543E-4E23-845A-0C63F415E415}"
EndProject
Project("{9A19103F-16F7-4668-BE54-9A1E7A4F7556}") = "Framework2.Application", "src\Shared\Common\src\Framework2.Application\Framework2.Application.csproj", "{84D28109-BF9B-4A6D-BC22-717F8F8E9835}"
EndProject
Project("{9A19103F-16F7-4668-BE54-9A1E7A4F7556}") = "Framework2.Core", "src\Shared\Common\src\Framework2.Core\Framework2.Core.csproj", "{381FDA16-FA68-4EE4-B59F-13C259DB5731}"
EndProject
Project("{9A19103F-16F7-4668-BE54-9A1E7A4F7556}") = "Framework2.Domain", "src\Shared\Common\src\Framework2.Domain\Framework2.Domain.csproj", "{7AE7BE65-7D20-430E-91D0-D00B39D8F6EA}"
EndProject
Project("{9A19103F-16F7-4668-BE54-9A1E7A4F7556}") = "Framework2.Infra.Data", "src\Shared\Common\src\Framework2.Infra.Data\Framework2.Infra.Data.csproj", "{86BE3E36-C1FA-435D-B981-A0939AB52EE9}"
EndProject
Project("{9A19103F-16F7-4668-BE54-9A1E7A4F7556}") = "Framework2.Infra.MQ", "src\Shared\Common\src\Framework2.Infra.MQ\Framework2.Infra.MQ.csproj", "{EBB61C84-4D70-422A-91E3-A4B4918B802F}"
EndProject
Project("{9A19103F-16F7-4668-BE54-9A1E7A4F7556}") = "FlagService.Domain.UnitTests", "tests\FlagService.Domain.UnitTests\FlagService.Domain.UnitTests.csproj", "{38260D8F-DF5B-484D-AD12-514242C2859A}"
EndProject
Project("{9A19103F-16F7-4668-BE54-9A1E7A4F7556}") = "FlagService.Api", "src\FlagService.Api\FlagService.Api.csproj", "{2F282D1D-7819-4353-A760-81C16D4F342D}"
EndProject
Project("{9A19103F-16F7-4668-BE54-9A1E7A4F7556}") = "FlagService.Core", "src\FlagService.Core\FlagService.Core.csproj", "{6C346989-F991-4622-9DA1-0FD7CAF693AF}"
EndProject
Project("{9A19103F-16F7-4668-BE54-9A1E7A4F7556}") = "FlagService.Domain", "src\FlagService.Domain\FlagService.Domain.csproj", "{BA41E436-AE69-499E-9CF7-2D3B019A11B8}"
EndProject
Project("{9A19103F-16F7-4668-BE54-9A1E7A4F7556}") = "FlagService.Infra.Data", "src\FlagService.Infra.Data\FlagService.Infra.Data.csproj", "{5605AA87-382E-4DBC-BF49-12C68B8FFDA2}"
EndProject
Project("{9A19103F-16F7-4668-BE54-9A1E7A4F7556}") = "Framework2.Tests.Core", "..\common\tests\Framework2.Tests.Core\Framework2.Tests.Core.csproj", "{F812B2E3-660A-4037-A13E-C73DC8B09F68}"
EndProject
Global
	GlobalSection(SolutionConfigurationPlatforms) = preSolution
		Debug|Any CPU = Debug|Any CPU
		Release|Any CPU = Release|Any CPU
	EndGlobalSection
	GlobalSection(ProjectConfigurationPlatforms) = postSolution
		{84D28109-BF9B-4A6D-BC22-717F8F8E9835}.Debug|Any CPU.ActiveCfg = Debug|Any CPU
		{84D28109-BF9B-4A6D-BC22-717F8F8E9835}.Debug|Any CPU.Build.0 = Debug|Any CPU
		{84D28109-BF9B-4A6D-BC22-717F8F8E9835}.Release|Any CPU.ActiveCfg = Release|Any CPU
		{84D28109-BF9B-4A6D-BC22-717F8F8E9835}.Release|Any CPU.Build.0 = Release|Any CPU
		{381FDA16-FA68-4EE4-B59F-13C259DB5731}.Debug|Any CPU.ActiveCfg = Debug|Any CPU
		{381FDA16-FA68-4EE4-B59F-13C259DB5731}.Debug|Any CPU.Build.0 = Debug|Any CPU
		{381FDA16-FA68-4EE4-B59F-13C259DB5731}.Release|Any CPU.ActiveCfg = Release|Any CPU
		{381FDA16-FA68-4EE4-B59F-13C259DB5731}.Release|Any CPU.Build.0 = Release|Any CPU
		{7AE7BE65-7D20-430E-91D0-D00B39D8F6EA}.Debug|Any CPU.ActiveCfg = Debug|Any CPU
		{7AE7BE65-7D20-430E-91D0-D00B39D8F6EA}.Debug|Any CPU.Build.0 = Debug|Any CPU
		{7AE7BE65-7D20-430E-91D0-D00B39D8F6EA}.Release|Any CPU.ActiveCfg = Release|Any CPU
		{7AE7BE65-7D20-430E-91D0-D00B39D8F6EA}.Release|Any CPU.Build.0 = Release|Any CPU
		{86BE3E36-C1FA-435D-B981-A0939AB52EE9}.Debug|Any CPU.ActiveCfg = Debug|Any CPU
		{86BE3E36-C1FA-435D-B981-A0939AB52EE9}.Debug|Any CPU.Build.0 = Debug|Any CPU
		{86BE3E36-C1FA-435D-B981-A0939AB52EE9}.Release|Any CPU.ActiveCfg = Release|Any CPU
		{86BE3E36-C1FA-435D-B981-A0939AB52EE9}.Release|Any CPU.Build.0 = Release|Any CPU
		{EBB61C84-4D70-422A-91E3-A4B4918B802F}.Debug|Any CPU.ActiveCfg = Debug|Any CPU
		{EBB61C84-4D70-422A-91E3-A4B4918B802F}.Debug|Any CPU.Build.0 = Debug|Any CPU
		{EBB61C84-4D70-422A-91E3-A4B4918B802F}.Release|Any CPU.ActiveCfg = Release|Any CPU
		{EBB61C84-4D70-422A-91E3-A4B4918B802F}.Release|Any CPU.Build.0 = Release|Any CPU
		{38260D8F-DF5B-484D-AD12-514242C2859A}.Debug|Any CPU.ActiveCfg = Debug|Any CPU
		{38260D8F-DF5B-484D-AD12-514242C2859A}.Debug|Any CPU.Build.0 = Debug|Any CPU
		{38260D8F-DF5B-484D-AD12-514242C2859A}.Release|Any CPU.ActiveCfg = Release|Any CPU
		{38260D8F-DF5B-484D-AD12-514242C2859A}.Release|Any CPU.Build.0 = Release|Any CPU
		{2F282D1D-7819-4353-A760-81C16D4F342D}.Debug|Any CPU.ActiveCfg = Debug|Any CPU
		{2F282D1D-7819-4353-A760-81C16D4F342D}.Debug|Any CPU.Build.0 = Debug|Any CPU
		{2F282D1D-7819-4353-A760-81C16D4F342D}.Release|Any CPU.ActiveCfg = Release|Any CPU
		{2F282D1D-7819-4353-A760-81C16D4F342D}.Release|Any CPU.Build.0 = Release|Any CPU
		{6C346989-F991-4622-9DA1-0FD7CAF693AF}.Debug|Any CPU.ActiveCfg = Debug|Any CPU
		{6C346989-F991-4622-9DA1-0FD7CAF693AF}.Debug|Any CPU.Build.0 = Debug|Any CPU
		{6C346989-F991-4622-9DA1-0FD7CAF693AF}.Release|Any CPU.ActiveCfg = Release|Any CPU
		{6C346989-F991-4622-9DA1-0FD7CAF693AF}.Release|Any CPU.Build.0 = Release|Any CPU
		{BA41E436-AE69-499E-9CF7-2D3B019A11B8}.Debug|Any CPU.ActiveCfg = Debug|Any CPU
		{BA41E436-AE69-499E-9CF7-2D3B019A11B8}.Debug|Any CPU.Build.0 = Debug|Any CPU
		{BA41E436-AE69-499E-9CF7-2D3B019A11B8}.Release|Any CPU.ActiveCfg = Release|Any CPU
		{BA41E436-AE69-499E-9CF7-2D3B019A11B8}.Release|Any CPU.Build.0 = Release|Any CPU
		{5605AA87-382E-4DBC-BF49-12C68B8FFDA2}.Debug|Any CPU.ActiveCfg = Debug|Any CPU
		{5605AA87-382E-4DBC-BF49-12C68B8FFDA2}.Debug|Any CPU.Build.0 = Debug|Any CPU
		{5605AA87-382E-4DBC-BF49-12C68B8FFDA2}.Release|Any CPU.ActiveCfg = Release|Any CPU
		{5605AA87-382E-4DBC-BF49-12C68B8FFDA2}.Release|Any CPU.Build.0 = Release|Any CPU
		{F812B2E3-660A-4037-A13E-C73DC8B09F68}.Debug|Any CPU.ActiveCfg = Debug|Any CPU
		{F812B2E3-660A-4037-A13E-C73DC8B09F68}.Debug|Any CPU.Build.0 = Debug|Any CPU
		{F812B2E3-660A-4037-A13E-C73DC8B09F68}.Release|Any CPU.ActiveCfg = Release|Any CPU
		{F812B2E3-660A-4037-A13E-C73DC8B09F68}.Release|Any CPU.Build.0 = Release|Any CPU
	EndGlobalSection
	GlobalSection(SolutionProperties) = preSolution
		HideSolutionNode = FALSE
	EndGlobalSection
	GlobalSection(NestedProjects) = preSolution
		{84D28109-BF9B-4A6D-BC22-717F8F8E9835} = {F1ADE28B-543E-4E23-845A-0C63F415E415}
		{381FDA16-FA68-4EE4-B59F-13C259DB5731} = {F1ADE28B-543E-4E23-845A-0C63F415E415}
		{7AE7BE65-7D20-430E-91D0-D00B39D8F6EA} = {F1ADE28B-543E-4E23-845A-0C63F415E415}
		{86BE3E36-C1FA-435D-B981-A0939AB52EE9} = {F1ADE28B-543E-4E23-845A-0C63F415E415}
		{EBB61C84-4D70-422A-91E3-A4B4918B802F} = {F1ADE28B-543E-4E23-845A-0C63F415E415}
		{38260D8F-DF5B-484D-AD12-514242C2859A} = {22DEBC21-CEEF-4E81-B919-557139A58488}
		{F812B2E3-660A-4037-A13E-C73DC8B09F68} = {F1ADE28B-543E-4E23-845A-0C63F415E415}
	EndGlobalSection
	GlobalSection(ExtensibilityGlobals) = postSolution
		SolutionGuid = {F491E607-578F-460E-9038-372FBD4A44D0}
	EndGlobalSection
EndGlobal
