
Microsoft Visual Studio Solution File, Format Version 12.00
# Visual Studio Version 17
VisualStudioVersion = 17.0.32112.339
MinimumVisualStudioVersion = 10.0.40219.1
Project("{2150E333-8FDC-42A3-9474-1A3956D46DE8}") = "Tests", "Tests", "{EC90F3F3-0970-4E47-940D-E1B648F4540A}"
EndProject
Project("{9A19103F-16F7-4668-BE54-9A1E7A4F7556}") = "Framework2.Tests.Core", "tests\Framework2.Tests.Core\Framework2.Tests.Core.csproj", "{8F8A4D56-5FD4-4AA0-8479-E57347052E3A}"
EndProject
Project("{9A19103F-16F7-4668-BE54-9A1E7A4F7556}") = "Framework2.Infra.MQ.UnitTests", "tests\Framework2.Infra.MQ.Tests\Framework2.Infra.MQ.UnitTests.csproj", "{3F586C58-A2D7-4891-B792-BA85E1A739AB}"
EndProject
Project("{9A19103F-16F7-4668-BE54-9A1E7A4F7556}") = "Framework2.Infra.IntegrationTests", "tests\Framework2.Infra.IntegrationTests\Framework2.Infra.IntegrationTests.csproj", "{59C0EF95-24CA-453A-AC82-32FEC02BCEB7}"
EndProject
Project("{9A19103F-16F7-4668-BE54-9A1E7A4F7556}") = "Framework2.Infra.Data.UnitTests", "tests\Framework2.Infra.Data.UnitTests\Framework2.Infra.Data.UnitTests.csproj", "{04432512-8BBD-464D-A790-A551632730A7}"
EndProject
Project("{9A19103F-16F7-4668-BE54-9A1E7A4F7556}") = "Framework2.Domain.UnitTests", "tests\Framework2.Domain.Tests\Framework2.Domain.UnitTests.csproj", "{F598C274-9299-44AC-ABE9-8507E79300B1}"
EndProject
Project("{9A19103F-16F7-4668-BE54-9A1E7A4F7556}") = "Framework2.Application.UnitTests", "tests\Framework2.Application.UnitTests\Framework2.Application.UnitTests.csproj", "{DF2FD674-6BDC-434A-ADF6-92EAA19C8EC6}"
EndProject
Project("{9A19103F-16F7-4668-BE54-9A1E7A4F7556}") = "Framework2.Application", "src\Framework2.Application\Framework2.Application.csproj", "{1652BB08-3470-422F-A9E8-C432964176B0}"
EndProject
Project("{9A19103F-16F7-4668-BE54-9A1E7A4F7556}") = "Framework2.Core", "src\Framework2.Core\Framework2.Core.csproj", "{F4EF2BC4-C5AE-46EA-94DF-552893BFC7C3}"
EndProject
Project("{9A19103F-16F7-4668-BE54-9A1E7A4F7556}") = "Framework2.Domain", "src\Framework2.Domain\Framework2.Domain.csproj", "{A0F9C3C1-5BB1-459C-9FDB-B581BD35F4C5}"
EndProject
Project("{9A19103F-16F7-4668-BE54-9A1E7A4F7556}") = "Framework2.Infra.Data", "src\Framework2.Infra.Data\Framework2.Infra.Data.csproj", "{2D59DA44-B0DA-4A9D-BEB2-6FECF01E27F7}"
EndProject
Project("{9A19103F-16F7-4668-BE54-9A1E7A4F7556}") = "Framework2.Infra.MQ", "src\Framework2.Infra.MQ\Framework2.Infra.MQ.csproj", "{19603CCF-E297-4E09-AC4A-D9497AAC254A}"
EndProject
Global
	GlobalSection(SolutionConfigurationPlatforms) = preSolution
		Debug|Any CPU = Debug|Any CPU
		Release|Any CPU = Release|Any CPU
	EndGlobalSection
	GlobalSection(ProjectConfigurationPlatforms) = postSolution
		{8F8A4D56-5FD4-4AA0-8479-E57347052E3A}.Debug|Any CPU.ActiveCfg = Debug|Any CPU
		{8F8A4D56-5FD4-4AA0-8479-E57347052E3A}.Debug|Any CPU.Build.0 = Debug|Any CPU
		{8F8A4D56-5FD4-4AA0-8479-E57347052E3A}.Release|Any CPU.ActiveCfg = Release|Any CPU
		{8F8A4D56-5FD4-4AA0-8479-E57347052E3A}.Release|Any CPU.Build.0 = Release|Any CPU
		{3F586C58-A2D7-4891-B792-BA85E1A739AB}.Debug|Any CPU.ActiveCfg = Debug|Any CPU
		{3F586C58-A2D7-4891-B792-BA85E1A739AB}.Debug|Any CPU.Build.0 = Debug|Any CPU
		{3F586C58-A2D7-4891-B792-BA85E1A739AB}.Release|Any CPU.ActiveCfg = Release|Any CPU
		{3F586C58-A2D7-4891-B792-BA85E1A739AB}.Release|Any CPU.Build.0 = Release|Any CPU
		{59C0EF95-24CA-453A-AC82-32FEC02BCEB7}.Debug|Any CPU.ActiveCfg = Debug|Any CPU
		{59C0EF95-24CA-453A-AC82-32FEC02BCEB7}.Debug|Any CPU.Build.0 = Debug|Any CPU
		{59C0EF95-24CA-453A-AC82-32FEC02BCEB7}.Release|Any CPU.ActiveCfg = Release|Any CPU
		{59C0EF95-24CA-453A-AC82-32FEC02BCEB7}.Release|Any CPU.Build.0 = Release|Any CPU
		{04432512-8BBD-464D-A790-A551632730A7}.Debug|Any CPU.ActiveCfg = Debug|Any CPU
		{04432512-8BBD-464D-A790-A551632730A7}.Debug|Any CPU.Build.0 = Debug|Any CPU
		{04432512-8BBD-464D-A790-A551632730A7}.Release|Any CPU.ActiveCfg = Release|Any CPU
		{04432512-8BBD-464D-A790-A551632730A7}.Release|Any CPU.Build.0 = Release|Any CPU
		{F598C274-9299-44AC-ABE9-8507E79300B1}.Debug|Any CPU.ActiveCfg = Debug|Any CPU
		{F598C274-9299-44AC-ABE9-8507E79300B1}.Debug|Any CPU.Build.0 = Debug|Any CPU
		{F598C274-9299-44AC-ABE9-8507E79300B1}.Release|Any CPU.ActiveCfg = Release|Any CPU
		{F598C274-9299-44AC-ABE9-8507E79300B1}.Release|Any CPU.Build.0 = Release|Any CPU
		{DF2FD674-6BDC-434A-ADF6-92EAA19C8EC6}.Debug|Any CPU.ActiveCfg = Debug|Any CPU
		{DF2FD674-6BDC-434A-ADF6-92EAA19C8EC6}.Debug|Any CPU.Build.0 = Debug|Any CPU
		{DF2FD674-6BDC-434A-ADF6-92EAA19C8EC6}.Release|Any CPU.ActiveCfg = Release|Any CPU
		{DF2FD674-6BDC-434A-ADF6-92EAA19C8EC6}.Release|Any CPU.Build.0 = Release|Any CPU
		{1652BB08-3470-422F-A9E8-C432964176B0}.Debug|Any CPU.ActiveCfg = Debug|Any CPU
		{1652BB08-3470-422F-A9E8-C432964176B0}.Debug|Any CPU.Build.0 = Debug|Any CPU
		{1652BB08-3470-422F-A9E8-C432964176B0}.Release|Any CPU.ActiveCfg = Release|Any CPU
		{1652BB08-3470-422F-A9E8-C432964176B0}.Release|Any CPU.Build.0 = Release|Any CPU
		{F4EF2BC4-C5AE-46EA-94DF-552893BFC7C3}.Debug|Any CPU.ActiveCfg = Debug|Any CPU
		{F4EF2BC4-C5AE-46EA-94DF-552893BFC7C3}.Debug|Any CPU.Build.0 = Debug|Any CPU
		{F4EF2BC4-C5AE-46EA-94DF-552893BFC7C3}.Release|Any CPU.ActiveCfg = Release|Any CPU
		{F4EF2BC4-C5AE-46EA-94DF-552893BFC7C3}.Release|Any CPU.Build.0 = Release|Any CPU
		{A0F9C3C1-5BB1-459C-9FDB-B581BD35F4C5}.Debug|Any CPU.ActiveCfg = Debug|Any CPU
		{A0F9C3C1-5BB1-459C-9FDB-B581BD35F4C5}.Debug|Any CPU.Build.0 = Debug|Any CPU
		{A0F9C3C1-5BB1-459C-9FDB-B581BD35F4C5}.Release|Any CPU.ActiveCfg = Release|Any CPU
		{A0F9C3C1-5BB1-459C-9FDB-B581BD35F4C5}.Release|Any CPU.Build.0 = Release|Any CPU
		{2D59DA44-B0DA-4A9D-BEB2-6FECF01E27F7}.Debug|Any CPU.ActiveCfg = Debug|Any CPU
		{2D59DA44-B0DA-4A9D-BEB2-6FECF01E27F7}.Debug|Any CPU.Build.0 = Debug|Any CPU
		{2D59DA44-B0DA-4A9D-BEB2-6FECF01E27F7}.Release|Any CPU.ActiveCfg = Release|Any CPU
		{2D59DA44-B0DA-4A9D-BEB2-6FECF01E27F7}.Release|Any CPU.Build.0 = Release|Any CPU
		{19603CCF-E297-4E09-AC4A-D9497AAC254A}.Debug|Any CPU.ActiveCfg = Debug|Any CPU
		{19603CCF-E297-4E09-AC4A-D9497AAC254A}.Debug|Any CPU.Build.0 = Debug|Any CPU
		{19603CCF-E297-4E09-AC4A-D9497AAC254A}.Release|Any CPU.ActiveCfg = Release|Any CPU
		{19603CCF-E297-4E09-AC4A-D9497AAC254A}.Release|Any CPU.Build.0 = Release|Any CPU
	EndGlobalSection
	GlobalSection(SolutionProperties) = preSolution
		HideSolutionNode = FALSE
	EndGlobalSection
	GlobalSection(NestedProjects) = preSolution
		{8F8A4D56-5FD4-4AA0-8479-E57347052E3A} = {EC90F3F3-0970-4E47-940D-E1B648F4540A}
		{3F586C58-A2D7-4891-B792-BA85E1A739AB} = {EC90F3F3-0970-4E47-940D-E1B648F4540A}
		{59C0EF95-24CA-453A-AC82-32FEC02BCEB7} = {EC90F3F3-0970-4E47-940D-E1B648F4540A}
		{04432512-8BBD-464D-A790-A551632730A7} = {EC90F3F3-0970-4E47-940D-E1B648F4540A}
		{F598C274-9299-44AC-ABE9-8507E79300B1} = {EC90F3F3-0970-4E47-940D-E1B648F4540A}
		{DF2FD674-6BDC-434A-ADF6-92EAA19C8EC6} = {EC90F3F3-0970-4E47-940D-E1B648F4540A}
	EndGlobalSection
	GlobalSection(ExtensibilityGlobals) = postSolution
		SolutionGuid = {E649EE29-2815-406D-88CF-1A5DC8E593E5}
	EndGlobalSection
EndGlobal
